// !$*UTF8*$!
{
	archiveVersion = 1;
	classes = {
	};
	objectVersion = 50;
	objects = {

/* Begin PBXBuildFile section */
		5B67816523715CF3003F2E54 /* AppDelegate.m in Sources */ = {isa = PBXBuildFile; fileRef = 5B67816423715CF3003F2E54 /* AppDelegate.m */; };
		5B67816823715CF3003F2E54 /* ViewController.m in Sources */ = {isa = PBXBuildFile; fileRef = 5B67816723715CF3003F2E54 /* ViewController.m */; };
		5B67816B23715CF3003F2E54 /* Main.storyboard in Resources */ = {isa = PBXBuildFile; fileRef = 5B67816923715CF3003F2E54 /* Main.storyboard */; };
		5B67816D23715CF4003F2E54 /* Assets.xcassets in Resources */ = {isa = PBXBuildFile; fileRef = 5B67816C23715CF4003F2E54 /* Assets.xcassets */; };
		5B67817023715CF4003F2E54 /* LaunchScreen.storyboard in Resources */ = {isa = PBXBuildFile; fileRef = 5B67816E23715CF4003F2E54 /* LaunchScreen.storyboard */; };
		5B67817323715CF4003F2E54 /* main.m in Sources */ = {isa = PBXBuildFile; fileRef = 5B67817223715CF4003F2E54 /* main.m */; };
		5B67817D23715CF4003F2E54 /* UICollectionViewDay7Tests.m in Sources */ = {isa = PBXBuildFile; fileRef = 5B67817C23715CF4003F2E54 /* UICollectionViewDay7Tests.m */; };
		5B67818823715CF4003F2E54 /* UICollectionViewDay7UITests.m in Sources */ = {isa = PBXBuildFile; fileRef = 5B67818723715CF4003F2E54 /* UICollectionViewDay7UITests.m */; };
		5B67819723715F3E003F2E54 /* MovieCollectionViewCell.m in Sources */ = {isa = PBXBuildFile; fileRef = 5B67819623715F3E003F2E54 /* MovieCollectionViewCell.m */; };
		5B67819A23715F67003F2E54 /* MovieCollectionViewCell.xib in Resources */ = {isa = PBXBuildFile; fileRef = 5B67819923715F67003F2E54 /* MovieCollectionViewCell.xib */; };
		5B67819C2371CBCB003F2E54 /* MovieShowingCollectionViewCell.xib in Resources */ = {isa = PBXBuildFile; fileRef = 5B67819B2371CBCB003F2E54 /* MovieShowingCollectionViewCell.xib */; };
		5B6781A42371CDA8003F2E54 /* MovieShowingCollectionViewCell.m in Sources */ = {isa = PBXBuildFile; fileRef = 5B6781A32371CDA8003F2E54 /* MovieShowingCollectionViewCell.m */; };
/* End PBXBuildFile section */

/* Begin PBXContainerItemProxy section */
		5B67817923715CF4003F2E54 /* PBXContainerItemProxy */ = {
			isa = PBXContainerItemProxy;
			containerPortal = 5B67815823715CF3003F2E54 /* Project object */;
			proxyType = 1;
			remoteGlobalIDString = 5B67815F23715CF3003F2E54;
			remoteInfo = UICollectionViewDay7;
		};
		5B67818423715CF4003F2E54 /* PBXContainerItemProxy */ = {
			isa = PBXContainerItemProxy;
			containerPortal = 5B67815823715CF3003F2E54 /* Project object */;
			proxyType = 1;
			remoteGlobalIDString = 5B67815F23715CF3003F2E54;
			remoteInfo = UICollectionViewDay7;
		};
/* End PBXContainerItemProxy section */

/* Begin PBXFileReference section */
		5B67816023715CF3003F2E54 /* UICollectionViewDay7.app */ = {isa = PBXFileReference; explicitFileType = wrapper.application; includeInIndex = 0; path = UICollectionViewDay7.app; sourceTree = BUILT_PRODUCTS_DIR; };
		5B67816323715CF3003F2E54 /* AppDelegate.h */ = {isa = PBXFileReference; lastKnownFileType = sourcecode.c.h; path = AppDelegate.h; sourceTree = "<group>"; };
		5B67816423715CF3003F2E54 /* AppDelegate.m */ = {isa = PBXFileReference; lastKnownFileType = sourcecode.c.objc; path = AppDelegate.m; sourceTree = "<group>"; };
		5B67816623715CF3003F2E54 /* ViewController.h */ = {isa = PBXFileReference; lastKnownFileType = sourcecode.c.h; path = ViewController.h; sourceTree = "<group>"; };
		5B67816723715CF3003F2E54 /* ViewController.m */ = {isa = PBXFileReference; lastKnownFileType = sourcecode.c.objc; path = ViewController.m; sourceTree = "<group>"; };
		5B67816A23715CF3003F2E54 /* Base */ = {isa = PBXFileReference; lastKnownFileType = file.storyboard; name = Base; path = Base.lproj/Main.storyboard; sourceTree = "<group>"; };
		5B67816C23715CF4003F2E54 /* Assets.xcassets */ = {isa = PBXFileReference; lastKnownFileType = folder.assetcatalog; path = Assets.xcassets; sourceTree = "<group>"; };
		5B67816F23715CF4003F2E54 /* Base */ = {isa = PBXFileReference; lastKnownFileType = file.storyboard; name = Base; path = Base.lproj/LaunchScreen.storyboard; sourceTree = "<group>"; };
		5B67817123715CF4003F2E54 /* Info.plist */ = {isa = PBXFileReference; lastKnownFileType = text.plist.xml; path = Info.plist; sourceTree = "<group>"; };
		5B67817223715CF4003F2E54 /* main.m */ = {isa = PBXFileReference; lastKnownFileType = sourcecode.c.objc; path = main.m; sourceTree = "<group>"; };
		5B67817823715CF4003F2E54 /* UICollectionViewDay7Tests.xctest */ = {isa = PBXFileReference; explicitFileType = wrapper.cfbundle; includeInIndex = 0; path = UICollectionViewDay7Tests.xctest; sourceTree = BUILT_PRODUCTS_DIR; };
		5B67817C23715CF4003F2E54 /* UICollectionViewDay7Tests.m */ = {isa = PBXFileReference; lastKnownFileType = sourcecode.c.objc; path = UICollectionViewDay7Tests.m; sourceTree = "<group>"; };
		5B67817E23715CF4003F2E54 /* Info.plist */ = {isa = PBXFileReference; lastKnownFileType = text.plist.xml; path = Info.plist; sourceTree = "<group>"; };
		5B67818323715CF4003F2E54 /* UICollectionViewDay7UITests.xctest */ = {isa = PBXFileReference; explicitFileType = wrapper.cfbundle; includeInIndex = 0; path = UICollectionViewDay7UITests.xctest; sourceTree = BUILT_PRODUCTS_DIR; };
		5B67818723715CF4003F2E54 /* UICollectionViewDay7UITests.m */ = {isa = PBXFileReference; lastKnownFileType = sourcecode.c.objc; path = UICollectionViewDay7UITests.m; sourceTree = "<group>"; };
		5B67818923715CF4003F2E54 /* Info.plist */ = {isa = PBXFileReference; lastKnownFileType = text.plist.xml; path = Info.plist; sourceTree = "<group>"; };
		5B67819523715F3E003F2E54 /* MovieCollectionViewCell.h */ = {isa = PBXFileReference; lastKnownFileType = sourcecode.c.h; path = MovieCollectionViewCell.h; sourceTree = "<group>"; };
		5B67819623715F3E003F2E54 /* MovieCollectionViewCell.m */ = {isa = PBXFileReference; lastKnownFileType = sourcecode.c.objc; path = MovieCollectionViewCell.m; sourceTree = "<group>"; };
		5B67819923715F67003F2E54 /* MovieCollectionViewCell.xib */ = {isa = PBXFileReference; lastKnownFileType = file.xib; path = MovieCollectionViewCell.xib; sourceTree = "<group>"; };
		5B67819B2371CBCB003F2E54 /* MovieShowingCollectionViewCell.xib */ = {isa = PBXFileReference; lastKnownFileType = file.xib; path = MovieShowingCollectionViewCell.xib; sourceTree = "<group>"; };
		5B6781A22371CDA8003F2E54 /* MovieShowingCollectionViewCell.h */ = {isa = PBXFileReference; lastKnownFileType = sourcecode.c.h; path = MovieShowingCollectionViewCell.h; sourceTree = "<group>"; };
		5B6781A32371CDA8003F2E54 /* MovieShowingCollectionViewCell.m */ = {isa = PBXFileReference; lastKnownFileType = sourcecode.c.objc; path = MovieShowingCollectionViewCell.m; sourceTree = "<group>"; };
/* End PBXFileReference section */

/* Begin PBXFrameworksBuildPhase section */
		5B67815D23715CF3003F2E54 /* Frameworks */ = {
			isa = PBXFrameworksBuildPhase;
			buildActionMask = 2147483647;
			files = (
			);
			runOnlyForDeploymentPostprocessing = 0;
		};
		5B67817523715CF4003F2E54 /* Frameworks */ = {
			isa = PBXFrameworksBuildPhase;
			buildActionMask = 2147483647;
			files = (
			);
			runOnlyForDeploymentPostprocessing = 0;
		};
		5B67818023715CF4003F2E54 /* Frameworks */ = {
			isa = PBXFrameworksBuildPhase;
			buildActionMask = 2147483647;
			files = (
			);
			runOnlyForDeploymentPostprocessing = 0;
		};
/* End PBXFrameworksBuildPhase section */

/* Begin PBXGroup section */
		5B67815723715CF3003F2E54 = {
			isa = PBXGroup;
			children = (
				5B67819823715F46003F2E54 /* Cells */,
				5B67816223715CF3003F2E54 /* UICollectionViewDay7 */,
				5B67817B23715CF4003F2E54 /* UICollectionViewDay7Tests */,
				5B67818623715CF4003F2E54 /* UICollectionViewDay7UITests */,
				5B67816123715CF3003F2E54 /* Products */,
			);
			sourceTree = "<group>";
		};
		5B67816123715CF3003F2E54 /* Products */ = {
			isa = PBXGroup;
			children = (
				5B67816023715CF3003F2E54 /* UICollectionViewDay7.app */,
				5B67817823715CF4003F2E54 /* UICollectionViewDay7Tests.xctest */,
				5B67818323715CF4003F2E54 /* UICollectionViewDay7UITests.xctest */,
			);
			name = Products;
			sourceTree = "<group>";
		};
		5B67816223715CF3003F2E54 /* UICollectionViewDay7 */ = {
			isa = PBXGroup;
			children = (
				5B67816323715CF3003F2E54 /* AppDelegate.h */,
				5B67816423715CF3003F2E54 /* AppDelegate.m */,
				5B67816623715CF3003F2E54 /* ViewController.h */,
				5B67816723715CF3003F2E54 /* ViewController.m */,
				5B67816923715CF3003F2E54 /* Main.storyboard */,
				5B67816C23715CF4003F2E54 /* Assets.xcassets */,
				5B67816E23715CF4003F2E54 /* LaunchScreen.storyboard */,
				5B67817123715CF4003F2E54 /* Info.plist */,
				5B67817223715CF4003F2E54 /* main.m */,
			);
			path = UICollectionViewDay7;
			sourceTree = "<group>";
		};
		5B67817B23715CF4003F2E54 /* UICollectionViewDay7Tests */ = {
			isa = PBXGroup;
			children = (
				5B67817C23715CF4003F2E54 /* UICollectionViewDay7Tests.m */,
				5B67817E23715CF4003F2E54 /* Info.plist */,
			);
			path = UICollectionViewDay7Tests;
			sourceTree = "<group>";
		};
		5B67818623715CF4003F2E54 /* UICollectionViewDay7UITests */ = {
			isa = PBXGroup;
			children = (
				5B67818723715CF4003F2E54 /* UICollectionViewDay7UITests.m */,
				5B67818923715CF4003F2E54 /* Info.plist */,
			);
			path = UICollectionViewDay7UITests;
			sourceTree = "<group>";
		};
		5B67819823715F46003F2E54 /* Cells */ = {
			isa = PBXGroup;
			children = (
				5B6781A12371CC0D003F2E54 /* MovieShowing */,
				5B6781A02371CBFA003F2E54 /* Movies */,
			);
			path = Cells;
			sourceTree = "<group>";
		};
		5B6781A02371CBFA003F2E54 /* Movies */ = {
			isa = PBXGroup;
			children = (
				5B67819523715F3E003F2E54 /* MovieCollectionViewCell.h */,
				5B67819623715F3E003F2E54 /* MovieCollectionViewCell.m */,
				5B67819923715F67003F2E54 /* MovieCollectionViewCell.xib */,
			);
			path = Movies;
			sourceTree = "<group>";
		};
		5B6781A12371CC0D003F2E54 /* MovieShowing */ = {
			isa = PBXGroup;
			children = (
				5B67819B2371CBCB003F2E54 /* MovieShowingCollectionViewCell.xib */,
				5B6781A22371CDA8003F2E54 /* MovieShowingCollectionViewCell.h */,
				5B6781A32371CDA8003F2E54 /* MovieShowingCollectionViewCell.m */,
			);
			path = MovieShowing;
			sourceTree = "<group>";
		};
/* End PBXGroup section */

/* Begin PBXNativeTarget section */
		5B67815F23715CF3003F2E54 /* UICollectionViewDay7 */ = {
			isa = PBXNativeTarget;
			buildConfigurationList = 5B67818C23715CF4003F2E54 /* Build configuration list for PBXNativeTarget "UICollectionViewDay7" */;
			buildPhases = (
				5B67815C23715CF3003F2E54 /* Sources */,
				5B67815D23715CF3003F2E54 /* Frameworks */,
				5B67815E23715CF3003F2E54 /* Resources */,
			);
			buildRules = (
			);
			dependencies = (
			);
			name = UICollectionViewDay7;
			productName = UICollectionViewDay7;
			productReference = 5B67816023715CF3003F2E54 /* UICollectionViewDay7.app */;
			productType = "com.apple.product-type.application";
		};
		5B67817723715CF4003F2E54 /* UICollectionViewDay7Tests */ = {
			isa = PBXNativeTarget;
			buildConfigurationList = 5B67818F23715CF4003F2E54 /* Build configuration list for PBXNativeTarget "UICollectionViewDay7Tests" */;
			buildPhases = (
				5B67817423715CF4003F2E54 /* Sources */,
				5B67817523715CF4003F2E54 /* Frameworks */,
				5B67817623715CF4003F2E54 /* Resources */,
			);
			buildRules = (
			);
			dependencies = (
				5B67817A23715CF4003F2E54 /* PBXTargetDependency */,
			);
			name = UICollectionViewDay7Tests;
			productName = UICollectionViewDay7Tests;
			productReference = 5B67817823715CF4003F2E54 /* UICollectionViewDay7Tests.xctest */;
			productType = "com.apple.product-type.bundle.unit-test";
		};
		5B67818223715CF4003F2E54 /* UICollectionViewDay7UITests */ = {
			isa = PBXNativeTarget;
			buildConfigurationList = 5B67819223715CF4003F2E54 /* Build configuration list for PBXNativeTarget "UICollectionViewDay7UITests" */;
			buildPhases = (
				5B67817F23715CF4003F2E54 /* Sources */,
				5B67818023715CF4003F2E54 /* Frameworks */,
				5B67818123715CF4003F2E54 /* Resources */,
			);
			buildRules = (
			);
			dependencies = (
				5B67818523715CF4003F2E54 /* PBXTargetDependency */,
			);
			name = UICollectionViewDay7UITests;
			productName = UICollectionViewDay7UITests;
			productReference = 5B67818323715CF4003F2E54 /* UICollectionViewDay7UITests.xctest */;
			productType = "com.apple.product-type.bundle.ui-testing";
		};
/* End PBXNativeTarget section */

/* Begin PBXProject section */
		5B67815823715CF3003F2E54 /* Project object */ = {
			isa = PBXProject;
			attributes = {
				LastUpgradeCheck = 1020;
				ORGANIZATIONNAME = OPSolutions;
				TargetAttributes = {
					5B67815F23715CF3003F2E54 = {
						CreatedOnToolsVersion = 10.2;
					};
					5B67817723715CF4003F2E54 = {
						CreatedOnToolsVersion = 10.2;
						TestTargetID = 5B67815F23715CF3003F2E54;
					};
					5B67818223715CF4003F2E54 = {
						CreatedOnToolsVersion = 10.2;
						TestTargetID = 5B67815F23715CF3003F2E54;
					};
				};
			};
			buildConfigurationList = 5B67815B23715CF3003F2E54 /* Build configuration list for PBXProject "UICollectionViewDay7" */;
			compatibilityVersion = "Xcode 9.3";
			developmentRegion = en;
			hasScannedForEncodings = 0;
			knownRegions = (
				en,
				Base,
			);
			mainGroup = 5B67815723715CF3003F2E54;
			productRefGroup = 5B67816123715CF3003F2E54 /* Products */;
			projectDirPath = "";
			projectRoot = "";
			targets = (
				5B67815F23715CF3003F2E54 /* UICollectionViewDay7 */,
				5B67817723715CF4003F2E54 /* UICollectionViewDay7Tests */,
				5B67818223715CF4003F2E54 /* UICollectionViewDay7UITests */,
			);
		};
/* End PBXProject section */

/* Begin PBXResourcesBuildPhase section */
		5B67815E23715CF3003F2E54 /* Resources */ = {
			isa = PBXResourcesBuildPhase;
			buildActionMask = 2147483647;
			files = (
				5B67817023715CF4003F2E54 /* LaunchScreen.storyboard in Resources */,
				5B67816D23715CF4003F2E54 /* Assets.xcassets in Resources */,
				5B67816B23715CF3003F2E54 /* Main.storyboard in Resources */,
				5B67819C2371CBCB003F2E54 /* MovieShowingCollectionViewCell.xib in Resources */,
				5B67819A23715F67003F2E54 /* MovieCollectionViewCell.xib in Resources */,
			);
			runOnlyForDeploymentPostprocessing = 0;
		};
		5B67817623715CF4003F2E54 /* Resources */ = {
			isa = PBXResourcesBuildPhase;
			buildActionMask = 2147483647;
			files = (
			);
			runOnlyForDeploymentPostprocessing = 0;
		};
		5B67818123715CF4003F2E54 /* Resources */ = {
			isa = PBXResourcesBuildPhase;
			buildActionMask = 2147483647;
			files = (
			);
			runOnlyForDeploymentPostprocessing = 0;
		};
/* End PBXResourcesBuildPhase section */

/* Begin PBXSourcesBuildPhase section */
		5B67815C23715CF3003F2E54 /* Sources */ = {
			isa = PBXSourcesBuildPhase;
			buildActionMask = 2147483647;
			files = (
				5B67816823715CF3003F2E54 /* ViewController.m in Sources */,
				5B67817323715CF4003F2E54 /* main.m in Sources */,
				5B67816523715CF3003F2E54 /* AppDelegate.m in Sources */,
				5B67819723715F3E003F2E54 /* MovieCollectionViewCell.m in Sources */,
				5B6781A42371CDA8003F2E54 /* MovieShowingCollectionViewCell.m in Sources */,
			);
			runOnlyForDeploymentPostprocessing = 0;
		};
		5B67817423715CF4003F2E54 /* Sources */ = {
			isa = PBXSourcesBuildPhase;
			buildActionMask = 2147483647;
			files = (
				5B67817D23715CF4003F2E54 /* UICollectionViewDay7Tests.m in Sources */,
			);
			runOnlyForDeploymentPostprocessing = 0;
		};
		5B67817F23715CF4003F2E54 /* Sources */ = {
			isa = PBXSourcesBuildPhase;
			buildActionMask = 2147483647;
			files = (
				5B67818823715CF4003F2E54 /* UICollectionViewDay7UITests.m in Sources */,
			);
			runOnlyForDeploymentPostprocessing = 0;
		};
/* End PBXSourcesBuildPhase section */

/* Begin PBXTargetDependency section */
		5B67817A23715CF4003F2E54 /* PBXTargetDependency */ = {
			isa = PBXTargetDependency;
			target = 5B67815F23715CF3003F2E54 /* UICollectionViewDay7 */;
			targetProxy = 5B67817923715CF4003F2E54 /* PBXContainerItemProxy */;
		};
		5B67818523715CF4003F2E54 /* PBXTargetDependency */ = {
			isa = PBXTargetDependency;
			target = 5B67815F23715CF3003F2E54 /* UICollectionViewDay7 */;
			targetProxy = 5B67818423715CF4003F2E54 /* PBXContainerItemProxy */;
		};
/* End PBXTargetDependency section */

/* Begin PBXVariantGroup section */
		5B67816923715CF3003F2E54 /* Main.storyboard */ = {
			isa = PBXVariantGroup;
			children = (
				5B67816A23715CF3003F2E54 /* Base */,
			);
			name = Main.storyboard;
			sourceTree = "<group>";
		};
		5B67816E23715CF4003F2E54 /* LaunchScreen.storyboard */ = {
			isa = PBXVariantGroup;
			children = (
				5B67816F23715CF4003F2E54 /* Base */,
			);
			name = LaunchScreen.storyboard;
			sourceTree = "<group>";
		};
/* End PBXVariantGroup section */

/* Begin XCBuildConfiguration section */
		5B67818A23715CF4003F2E54 /* Debug */ = {
			isa = XCBuildConfiguration;
			buildSettings = {
				ALWAYS_SEARCH_USER_PATHS = NO;
				CLANG_ANALYZER_NONNULL = YES;
				CLANG_ANALYZER_NUMBER_OBJECT_CONVERSION = YES_AGGRESSIVE;
				CLANG_CXX_LANGUAGE_STANDARD = "gnu++14";
				CLANG_CXX_LIBRARY = "libc++";
				CLANG_ENABLE_MODULES = YES;
				CLANG_ENABLE_OBJC_ARC = YES;
				CLANG_ENABLE_OBJC_WEAK = YES;
				CLANG_WARN_BLOCK_CAPTURE_AUTORELEASING = YES;
				CLANG_WARN_BOOL_CONVERSION = YES;
				CLANG_WARN_COMMA = YES;
				CLANG_WARN_CONSTANT_CONVERSION = YES;
				CLANG_WARN_DEPRECATED_OBJC_IMPLEMENTATIONS = YES;
				CLANG_WARN_DIRECT_OBJC_ISA_USAGE = YES_ERROR;
				CLANG_WARN_DOCUMENTATION_COMMENTS = YES;
				CLANG_WARN_EMPTY_BODY = YES;
				CLANG_WARN_ENUM_CONVERSION = YES;
				CLANG_WARN_INFINITE_RECURSION = YES;
				CLANG_WARN_INT_CONVERSION = YES;
				CLANG_WARN_NON_LITERAL_NULL_CONVERSION = YES;
				CLANG_WARN_OBJC_IMPLICIT_RETAIN_SELF = YES;
				CLANG_WARN_OBJC_LITERAL_CONVERSION = YES;
				CLANG_WARN_OBJC_ROOT_CLASS = YES_ERROR;
				CLANG_WARN_RANGE_LOOP_ANALYSIS = YES;
				CLANG_WARN_STRICT_PROTOTYPES = YES;
				CLANG_WARN_SUSPICIOUS_MOVE = YES;
				CLANG_WARN_UNGUARDED_AVAILABILITY = YES_AGGRESSIVE;
				CLANG_WARN_UNREACHABLE_CODE = YES;
				CLANG_WARN__DUPLICATE_METHOD_MATCH = YES;
				CODE_SIGN_IDENTITY = "iPhone Developer";
				COPY_PHASE_STRIP = NO;
				DEBUG_INFORMATION_FORMAT = dwarf;
				ENABLE_STRICT_OBJC_MSGSEND = YES;
				ENABLE_TESTABILITY = YES;
				GCC_C_LANGUAGE_STANDARD = gnu11;
				GCC_DYNAMIC_NO_PIC = NO;
				GCC_NO_COMMON_BLOCKS = YES;
				GCC_OPTIMIZATION_LEVEL = 0;
				GCC_PREPROCESSOR_DEFINITIONS = (
					"DEBUG=1",
					"$(inherited)",
				);
				GCC_WARN_64_TO_32_BIT_CONVERSION = YES;
				GCC_WARN_ABOUT_RETURN_TYPE = YES_ERROR;
				GCC_WARN_UNDECLARED_SELECTOR = YES;
				GCC_WARN_UNINITIALIZED_AUTOS = YES_AGGRESSIVE;
				GCC_WARN_UNUSED_FUNCTION = YES;
				GCC_WARN_UNUSED_VARIABLE = YES;
				IPHONEOS_DEPLOYMENT_TARGET = 12.2;
				MTL_ENABLE_DEBUG_INFO = INCLUDE_SOURCE;
				MTL_FAST_MATH = YES;
				ONLY_ACTIVE_ARCH = YES;
				SDKROOT = iphoneos;
			};
			name = Debug;
		};
		5B67818B23715CF4003F2E54 /* Release */ = {
			isa = XCBuildConfiguration;
			buildSettings = {
				ALWAYS_SEARCH_USER_PATHS = NO;
				CLANG_ANALYZER_NONNULL = YES;
				CLANG_ANALYZER_NUMBER_OBJECT_CONVERSION = YES_AGGRESSIVE;
				CLANG_CXX_LANGUAGE_STANDARD = "gnu++14";
				CLANG_CXX_LIBRARY = "libc++";
				CLANG_ENABLE_MODULES = YES;
				CLANG_ENABLE_OBJC_ARC = YES;
				CLANG_ENABLE_OBJC_WEAK = YES;
				CLANG_WARN_BLOCK_CAPTURE_AUTORELEASING = YES;
				CLANG_WARN_BOOL_CONVERSION = YES;
				CLANG_WARN_COMMA = YES;
				CLANG_WARN_CONSTANT_CONVERSION = YES;
				CLANG_WARN_DEPRECATED_OBJC_IMPLEMENTATIONS = YES;
				CLANG_WARN_DIRECT_OBJC_ISA_USAGE = YES_ERROR;
				CLANG_WARN_DOCUMENTATION_COMMENTS = YES;
				CLANG_WARN_EMPTY_BODY = YES;
				CLANG_WARN_ENUM_CONVERSION = YES;
				CLANG_WARN_INFINITE_RECURSION = YES;
				CLANG_WARN_INT_CONVERSION = YES;
				CLANG_WARN_NON_LITERAL_NULL_CONVERSION = YES;
				CLANG_WARN_OBJC_IMPLICIT_RETAIN_SELF = YES;
				CLANG_WARN_OBJC_LITERAL_CONVERSION = YES;
				CLANG_WARN_OBJC_ROOT_CLASS = YES_ERROR;
				CLANG_WARN_RANGE_LOOP_ANALYSIS = YES;
				CLANG_WARN_STRICT_PROTOTYPES = YES;
				CLANG_WARN_SUSPICIOUS_MOVE = YES;
				CLANG_WARN_UNGUARDED_AVAILABILITY = YES_AGGRESSIVE;
				CLANG_WARN_UNREACHABLE_CODE = YES;
				CLANG_WARN__DUPLICATE_METHOD_MATCH = YES;
				CODE_SIGN_IDENTITY = "iPhone Developer";
				COPY_PHASE_STRIP = NO;
				DEBUG_INFORMATION_FORMAT = "dwarf-with-dsym";
				ENABLE_NS_ASSERTIONS = NO;
				ENABLE_STRICT_OBJC_MSGSEND = YES;
				GCC_C_LANGUAGE_STANDARD = gnu11;
				GCC_NO_COMMON_BLOCKS = YES;
				GCC_WARN_64_TO_32_BIT_CONVERSION = YES;
				GCC_WARN_ABOUT_RETURN_TYPE = YES_ERROR;
				GCC_WARN_UNDECLARED_SELECTOR = YES;
				GCC_WARN_UNINITIALIZED_AUTOS = YES_AGGRESSIVE;
				GCC_WARN_UNUSED_FUNCTION = YES;
				GCC_WARN_UNUSED_VARIABLE = YES;
				IPHONEOS_DEPLOYMENT_TARGET = 12.2;
				MTL_ENABLE_DEBUG_INFO = NO;
				MTL_FAST_MATH = YES;
				SDKROOT = iphoneos;
				VALIDATE_PRODUCT = YES;
			};
			name = Release;
		};
		5B67818D23715CF4003F2E54 /* Debug */ = {
			isa = XCBuildConfiguration;
			buildSettings = {
				ASSETCATALOG_COMPILER_APPICON_NAME = AppIcon;
				CODE_SIGN_STYLE = Automatic;
				INFOPLIST_FILE = UICollectionViewDay7/Info.plist;
				LD_RUNPATH_SEARCH_PATHS = (
					"$(inherited)",
					"@executable_path/Frameworks",
				);
				PRODUCT_BUNDLE_IDENTIFIER = OPS.UICollectionViewDay7;
				PRODUCT_NAME = "$(TARGET_NAME)";
				TARGETED_DEVICE_FAMILY = "1,2";
			};
			name = Debug;
		};
		5B67818E23715CF4003F2E54 /* Release */ = {
			isa = XCBuildConfiguration;
			buildSettings = {
				ASSETCATALOG_COMPILER_APPICON_NAME = AppIcon;
				CODE_SIGN_STYLE = Automatic;
				INFOPLIST_FILE = UICollectionViewDay7/Info.plist;
				LD_RUNPATH_SEARCH_PATHS = (
					"$(inherited)",
					"@executable_path/Frameworks",
				);
				PRODUCT_BUNDLE_IDENTIFIER = OPS.UICollectionViewDay7;
				PRODUCT_NAME = "$(TARGET_NAME)";
				TARGETED_DEVICE_FAMILY = "1,2";
			};
			name = Release;
		};
		5B67819023715CF4003F2E54 /* Debug */ = {
			isa = XCBuildConfiguration;
			buildSettings = {
				BUNDLE_LOADER = "$(TEST_HOST)";
				CODE_SIGN_STYLE = Automatic;
				INFOPLIST_FILE = UICollectionViewDay7Tests/Info.plist;
				LD_RUNPATH_SEARCH_PATHS = (
					"$(inherited)",
					"@executable_path/Frameworks",
					"@loader_path/Frameworks",
				);
				PRODUCT_BUNDLE_IDENTIFIER = OPS.UICollectionViewDay7Tests;
				PRODUCT_NAME = "$(TARGET_NAME)";
				TARGETED_DEVICE_FAMILY = "1,2";
				TEST_HOST = "$(BUILT_PRODUCTS_DIR)/UICollectionViewDay7.app/UICollectionViewDay7";
			};
			name = Debug;
		};
		5B67819123715CF4003F2E54 /* Release */ = {
			isa = XCBuildConfiguration;
			buildSettings = {
				BUNDLE_LOADER = "$(TEST_HOST)";
				CODE_SIGN_STYLE = Automatic;
				INFOPLIST_FILE = UICollectionViewDay7Tests/Info.plist;
				LD_RUNPATH_SEARCH_PATHS = (
					"$(inherited)",
					"@executable_path/Frameworks",
					"@loader_path/Frameworks",
				);
				PRODUCT_BUNDLE_IDENTIFIER = OPS.UICollectionViewDay7Tests;
				PRODUCT_NAME = "$(TARGET_NAME)";
				TARGETED_DEVICE_FAMILY = "1,2";
				TEST_HOST = "$(BUILT_PRODUCTS_DIR)/UICollectionViewDay7.app/UICollectionViewDay7";
			};
			name = Release;
		};
		5B67819323715CF4003F2E54 /* Debug */ = {
			isa = XCBuildConfiguration;
			buildSettings = {
				CODE_SIGN_STYLE = Automatic;
				INFOPLIST_FILE = UICollectionViewDay7UITests/Info.plist;
				LD_RUNPATH_SEARCH_PATHS = (
					"$(inherited)",
					"@executable_path/Frameworks",
					"@loader_path/Frameworks",
				);
				PRODUCT_BUNDLE_IDENTIFIER = OPS.UICollectionViewDay7UITests;
				PRODUCT_NAME = "$(TARGET_NAME)";
				TARGETED_DEVICE_FAMILY = "1,2";
				TEST_TARGET_NAME = UICollectionViewDay7;
			};
			name = Debug;
		};
		5B67819423715CF4003F2E54 /* Release */ = {
			isa = XCBuildConfiguration;
			buildSettings = {
				CODE_SIGN_STYLE = Automatic;
				INFOPLIST_FILE = UICollectionViewDay7UITests/Info.plist;
				LD_RUNPATH_SEARCH_PATHS = (
					"$(inherited)",
					"@executable_path/Frameworks",
					"@loader_path/Frameworks",
				);
				PRODUCT_BUNDLE_IDENTIFIER = OPS.UICollectionViewDay7UITests;
				PRODUCT_NAME = "$(TARGET_NAME)";
				TARGETED_DEVICE_FAMILY = "1,2";
				TEST_TARGET_NAME = UICollectionViewDay7;
			};
			name = Release;
		};
/* End XCBuildConfiguration section */

/* Begin XCConfigurationList section */
		5B67815B23715CF3003F2E54 /* Build configuration list for PBXProject "UICollectionViewDay7" */ = {
			isa = XCConfigurationList;
			buildConfigurations = (
				5B67818A23715CF4003F2E54 /* Debug */,
				5B67818B23715CF4003F2E54 /* Release */,
			);
			defaultConfigurationIsVisible = 0;
			defaultConfigurationName = Release;
		};
		5B67818C23715CF4003F2E54 /* Build configuration list for PBXNativeTarget "UICollectionViewDay7" */ = {
			isa = XCConfigurationList;
			buildConfigurations = (
				5B67818D23715CF4003F2E54 /* Debug */,
				5B67818E23715CF4003F2E54 /* Release */,
			);
			defaultConfigurationIsVisible = 0;
			defaultConfigurationName = Release;
		};
		5B67818F23715CF4003F2E54 /* Build configuration list for PBXNativeTarget "UICollectionViewDay7Tests" */ = {
			isa = XCConfigurationList;
			buildConfigurations = (
				5B67819023715CF4003F2E54 /* Debug */,
				5B67819123715CF4003F2E54 /* Release */,
			);
			defaultConfigurationIsVisible = 0;
			defaultConfigurationName = Release;
		};
		5B67819223715CF4003F2E54 /* Build configuration list for PBXNativeTarget "UICollectionViewDay7UITests" */ = {
			isa = XCConfigurationList;
			buildConfigurations = (
				5B67819323715CF4003F2E54 /* Debug */,
				5B67819423715CF4003F2E54 /* Release */,
			);
			defaultConfigurationIsVisible = 0;
			defaultConfigurationName = Release;
		};
/* End XCConfigurationList section */
	};
	rootObject = 5B67815823715CF3003F2E54 /* Project object */;
}
